<?xml version="1.0" encoding="utf-8"?>
<Project ToolsVersion="4.0" xmlns="http://schemas.microsoft.com/developer/msbuild/2003">
  <ItemGroup>
    <Filter Include="Source Files">
      <UniqueIdentifier>{4FC737F1-C7A5-4376-A066-2A32D752A2FF}</UniqueIdentifier>
      <Extensions>cpp;c;cc;cxx;c++;cppm;ixx;def;odl;idl;hpj;bat;asm;asmx</Extensions>
    </Filter>
    <Filter Include="Header Files">
      <UniqueIdentifier>{93995380-89BD-4b04-88EB-625FBE52EBFB}</UniqueIdentifier>
      <Extensions>h;hh;hpp;hxx;h++;hm;inl;inc;ipp;xsd</Extensions>
    </Filter>
    <Filter Include="Resource Files">
      <UniqueIdentifier>{67DA6AB6-F800-4c08-8B7A-83BB121AAD01}</UniqueIdentifier>
      <Extensions>rc;ico;cur;bmp;dlg;rc2;rct;bin;rgs;gif;jpg;jpeg;jpe;resx;tiff;tif;png;wav;mfcribbon-ms</Extensions>
    </Filter>
    <Filter Include="Actors">
      <UniqueIdentifier>{023abab6-e862-44f9-9dd2-3eaef52bc52f}</UniqueIdentifier>
    </Filter>
    <Filter Include="3rdParty">
      <UniqueIdentifier>{c0624a8b-2d70-41d5-b938-f436cae6a114}</UniqueIdentifier>
    </Filter>
    <Filter Include="3rdParty\TinyXML2">
      <UniqueIdentifier>{506d07ab-8cbc-4bc1-a493-9fe626f095e0}</UniqueIdentifier>
    </Filter>
    <Filter Include="Graphics3D">
      <UniqueIdentifier>{0279356f-e1a1-4e2c-9139-e389fa4a770b}</UniqueIdentifier>
    </Filter>
    <Filter Include="Mainloop">
      <UniqueIdentifier>{d3c93ec1-9017-4dbd-95e6-385406e5d859}</UniqueIdentifier>
    </Filter>
  </ItemGroup>
  <ItemGroup>
    <ClCompile Include="..\..\Actors\Actor.cpp">
      <Filter>Actors</Filter>
    </ClCompile>
    <ClCompile Include="..\..\Actors\ActorFactory.cpp">
      <Filter>Actors</Filter>
    </ClCompile>
    <ClCompile Include="main.cpp">
      <Filter>Source Files</Filter>
    </ClCompile>
    <ClCompile Include="..\..\3rdParty\TinyXML2\tinyxml2.cpp">
      <Filter>3rdParty\TinyXML2</Filter>
    </ClCompile>
    <ClCompile Include="..\..\Graphics3D\Camera.cpp">
      <Filter>Graphics3D</Filter>
    </ClCompile>
    <ClCompile Include="..\..\Graphics3D\d3dApp.cpp">
      <Filter>Graphics3D</Filter>
    </ClCompile>
    <ClCompile Include="..\..\Graphics3D\d3dUtil.cpp">
      <Filter>Graphics3D</Filter>
    </ClCompile>
    <ClCompile Include="..\..\Graphics3D\DDSTextureLoader.cpp">
      <Filter>Graphics3D</Filter>
    </ClCompile>
    <ClCompile Include="..\..\Graphics3D\GameTimer.cpp">
      <Filter>Graphics3D</Filter>
    </ClCompile>
    <ClCompile Include="..\..\Graphics3D\GeometryGenerator.cpp">
      <Filter>Graphics3D</Filter>
    </ClCompile>
    <ClCompile Include="..\..\Graphics3D\MathHelper.cpp">
      <Filter>Graphics3D</Filter>
    </ClCompile>
    <ClCompile Include="..\..\Graphics3D\FrameResource.cpp">
      <Filter>Graphics3D</Filter>
    </ClCompile>
    <ClCompile Include="JAGE.cpp">
      <Filter>Source Files</Filter>
    </ClCompile>
    <ClCompile Include="..\..\Mainloop\Initialization.cpp">
      <Filter>Mainloop</Filter>
    </ClCompile>
    <ClCompile Include="..\..\Mainloop\Process.cpp">
      <Filter>Mainloop</Filter>
    </ClCompile>
    <ClCompile Include="..\..\Mainloop\ProcessManager.cpp">
      <Filter>Mainloop</Filter>
    </ClCompile>
  </ItemGroup>
  <ItemGroup>
    <ClInclude Include="..\..\Actors\Actor.h">
      <Filter>Actors</Filter>
    </ClInclude>
    <ClInclude Include="..\..\Actors\ActorComponent.h">
      <Filter>Actors</Filter>
    </ClInclude>
    <ClInclude Include="..\..\Actors\ActorFactory.h">
      <Filter>Actors</Filter>
    </ClInclude>
    <ClInclude Include="..\..\3rdParty\TinyXML2\tinyxml2.h">
      <Filter>3rdParty\TinyXML2</Filter>
    </ClInclude>
    <ClInclude Include="..\..\Graphics3D\Camera.h">
      <Filter>Graphics3D</Filter>
    </ClInclude>
    <ClInclude Include="..\..\Graphics3D\d3dApp.h">
      <Filter>Graphics3D</Filter>
    </ClInclude>
    <ClInclude Include="..\..\Graphics3D\d3dUtil.h">
      <Filter>Graphics3D</Filter>
    </ClInclude>
    <ClInclude Include="..\..\Graphics3D\d3dx12.h">
      <Filter>Graphics3D</Filter>
    </ClInclude>
    <ClInclude Include="..\..\Graphics3D\DDSTextureLoader.h">
      <Filter>Graphics3D</Filter>
    </ClInclude>
    <ClInclude Include="..\..\Graphics3D\GameTimer.h">
      <Filter>Graphics3D</Filter>
    </ClInclude>
    <ClInclude Include="..\..\Graphics3D\GeometryGenerator.h">
      <Filter>Graphics3D</Filter>
    </ClInclude>
    <ClInclude Include="..\..\Graphics3D\MathHelper.h">
      <Filter>Graphics3D</Filter>
    </ClInclude>
    <ClInclude Include="..\..\Graphics3D\UploadBuffer.h">
      <Filter>Graphics3D</Filter>
    </ClInclude>
    <ClInclude Include="..\..\Graphics3D\FrameResource.h">
      <Filter>Graphics3D</Filter>
    </ClInclude>
    <ClInclude Include="JAGE.h">
      <Filter>Header Files</Filter>
    </ClInclude>
    <ClInclude Include="..\..\Mainloop\Initialization.h">
      <Filter>Mainloop</Filter>
    </ClInclude>
    <ClInclude Include="..\..\Mainloop\Process.h">
      <Filter>Mainloop</Filter>
    </ClInclude>
    <ClInclude Include="..\..\Mainloop\ProcessManager.h">
      <Filter>Mainloop</Filter>
    </ClInclude>
  </ItemGroup>
</Project>